
Microsoft Visual Studio Solution File, Format Version 12.00
# Visual Studio 15
VisualStudioVersion = 15.0.27428.2043
MinimumVisualStudioVersion = 10.0.40219.1
Project("{9A19103F-16F7-4668-BE54-9A1E7A4F7556}") = "SocTest", "SocTest\SocTest.csproj", "{7CE7D066-3E5A-49ED-99C6-B9A93DB27B50}"
EndProject
Project("{2150E333-8FDC-42A3-9474-1A3956D46DE8}") = "Solution Items", "Solution Items", "{BF7201AE-6FAE-458D-B264-8126F92D1B91}"
	ProjectSection(SolutionItems) = preProject
		readme.md = readme.md
	EndProjectSection
EndProject
Global
	GlobalSection(SolutionConfigurationPlatforms) = preSolution
		Debug|Any CPU = Debug|Any CPU
		Release|Any CPU = Release|Any CPU
	EndGlobalSection
	GlobalSection(ProjectConfigurationPlatforms) = postSolution
		{7CE7D066-3E5A-49ED-99C6-B9A93DB27B50}.Debug|Any CPU.ActiveCfg = Debug|Any CPU
		{7CE7D066-3E5A-49ED-99C6-B9A93DB27B50}.Debug|Any CPU.Build.0 = Debug|Any CPU
		{7CE7D066-3E5A-49ED-99C6-B9A93DB27B50}.Release|Any CPU.ActiveCfg = Release|Any CPU
		{7CE7D066-3E5A-49ED-99C6-B9A93DB27B50}.Release|Any CPU.Build.0 = Release|Any CPU
	EndGlobalSection
	GlobalSection(SolutionProperties) = preSolution
		HideSolutionNode = FALSE
	EndGlobalSection
	GlobalSection(ExtensibilityGlobals) = postSolution
		SolutionGuid = {3ACAEB11-3501-49E2-A65D-2C6F117E2E35}
	EndGlobalSection
EndGlobal
